github.com/wkqco33/LLM_client_go v0.2.0 h1:GsymXI9gFnmykso+gYrMwx3/yOlRY6XdqPzCn/eUaqo=
github.com/wkqco33/LLM_client_go v0.2.0/go.mod h1:Se3UP/dQmR0JKLuTeO4WAeo8Kw8hT9QxdT9JR1uRSTU=
github.com/wkqco33/tcamviewer v0.2.1 h1:/pASCI0X9Fzol9mriUQNgwm7vmQTgYLIyxSn04jSxaM=
github.com/wkqco33/tcamviewer v0.2.1/go.mod h1:K8SeLLTSsaGFagquAJTN5Fl/4mCjVpqIze7F6sgcRkU=
github.com/wkqco33/wcli v0.2.0 h1:f4hbJ8XtNTDXLInnftAaKeJwmWu5VaTa5QxSmrKbGUY=
github.com/wkqco33/wcli v0.2.0/go.mod h1:4ENGpQ6fBCBNJxfMEYqro1SrosRjrrEreGeJXQsoolo=
golang.org/x/image v0.37.0 h1:ZiRjArKI8GwxZOoEtUfhrBtaCN+4b/7709dlT6SSnQA=
golang.org/x/image v0.37.0/go.mod h1:/3f6vaXC+6CEanU4KJxbcUZyEePbyKbaLoDOe4ehFYY=
golang.org/x/sys v0.42.0 h1:omrd2nAlyT5ESRdCLYdm3+fMfNFE/+Rf4bDIQImRJeo=
golang.org/x/sys v0.42.0/go.mod h1:4GL1E5IUh+htKOUEOaiffhrAeqysfVGipDYzABqnCmw=
golang.org/x/term v0.41.0 h1:QCgPso/Q3RTJx2Th4bDLqML4W6iJiaXFq2/ftQF13YU=
golang.org/x/term v0.41.0/go.mod h1:3pfBgksrReYfZ5lvYM0kSO0LIkAl4Yl2bXOkKP7Ec2A=
